
Microsoft Visual Studio Solution File, Format Version 12.00
# Visual Studio 14
VisualStudioVersion = 14.0.24720.0
MinimumVisualStudioVersion = 10.0.40219.1
Project("{FAE04EC0-301F-11D3-BF4B-00C04F79EFBC}") = "CodeLightr.Server", "CodeLightr.Server.csproj", "{6E749598-C569-4A5D-BCBA-49954D47D2FC}"
EndProject
Project("{FAE04EC0-301F-11D3-BF4B-00C04F79EFBC}") = "CodeLightr.Server.Test", "..\..\test\CodeLightr.Server.Test\CodeLightr.Server.Test.csproj", "{C2666C12-D5FC-4046-812D-F40757D048C5}"
EndProject
Project("{2150E333-8FDC-42A3-9474-1A3956D46DE8}") = "Solution Items", "Solution Items", "{80896354-FBB0-4EDA-A73C-44543F99DC35}"
	ProjectSection(SolutionItems) = preProject
		.travis.yml = .travis.yml
		nuget.config = nuget.config
	EndProjectSection
EndProject
Global
	GlobalSection(SolutionConfigurationPlatforms) = preSolution
		Debug|Any CPU = Debug|Any CPU
		Release|Any CPU = Release|Any CPU
	EndGlobalSection
	GlobalSection(ProjectConfigurationPlatforms) = postSolution
		{6E749598-C569-4A5D-BCBA-49954D47D2FC}.Debug|Any CPU.ActiveCfg = Debug|Any CPU
		{6E749598-C569-4A5D-BCBA-49954D47D2FC}.Debug|Any CPU.Build.0 = Debug|Any CPU
		{6E749598-C569-4A5D-BCBA-49954D47D2FC}.Release|Any CPU.ActiveCfg = Release|Any CPU
		{6E749598-C569-4A5D-BCBA-49954D47D2FC}.Release|Any CPU.Build.0 = Release|Any CPU
		{C2666C12-D5FC-4046-812D-F40757D048C5}.Debug|Any CPU.ActiveCfg = Debug|Any CPU
		{C2666C12-D5FC-4046-812D-F40757D048C5}.Debug|Any CPU.Build.0 = Debug|Any CPU
		{C2666C12-D5FC-4046-812D-F40757D048C5}.Release|Any CPU.ActiveCfg = Release|Any CPU
		{C2666C12-D5FC-4046-812D-F40757D048C5}.Release|Any CPU.Build.0 = Release|Any CPU
	EndGlobalSection
	GlobalSection(SolutionProperties) = preSolution
		HideSolutionNode = FALSE
	EndGlobalSection
EndGlobal
